
Microsoft Visual Studio Solution File, Format Version 12.00
# Visual Studio 14
VisualStudioVersion = 14.0.25420.1
MinimumVisualStudioVersion = 10.0.40219.1
Project("{FAE04EC0-301F-11D3-BF4B-00C04F79EFBC}") = "MyLiveStock", "MyLiveStock\MyLiveStock.csproj", "{3A58A107-1977-4257-A91D-EB6FAD43C1F1}"
EndProject
Project("{2150E333-8FDC-42A3-9474-1A3956D46DE8}") = "1-DataAccess", "1-DataAccess", "{18185C5A-3E33-4D1D-9A57-A740A25AC575}"
EndProject
Project("{2150E333-8FDC-42A3-9474-1A3956D46DE8}") = "2-DataContractes", "2-DataContractes", "{06190A6F-6CDF-4F1C-AA3B-125E3476E644}"
EndProject
Project("{2150E333-8FDC-42A3-9474-1A3956D46DE8}") = "3-Core", "3-Core", "{7F2CF5AB-28AF-4AA6-88A5-1F14CE0CF221}"
EndProject
Project("{2150E333-8FDC-42A3-9474-1A3956D46DE8}") = "4-Services", "4-Services", "{4E790947-67D2-4F3B-988F-D31B41F21A3C}"
EndProject
Project("{FAE04EC0-301F-11D3-BF4B-00C04F79EFBC}") = "Entity", "Entity\Entity.csproj", "{3562C2C6-718C-42BD-9C49-E6D8934C74EF}"
EndProject
Project("{FAE04EC0-301F-11D3-BF4B-00C04F79EFBC}") = "MyLiveStock.DataAccess", "MyLiveStock.DataAccess\MyLiveStock.DataAccess.csproj", "{3D27DF6F-FB6A-42FE-844D-F9FDBE9818CE}"
EndProject
Project("{FAE04EC0-301F-11D3-BF4B-00C04F79EFBC}") = "MyLiveStock.DataContrats", "MyLiveStock.DataContrats\MyLiveStock.DataContrats.csproj", "{1C533AEB-63B4-44A5-A28C-8E18123C0F88}"
EndProject
Project("{FAE04EC0-301F-11D3-BF4B-00C04F79EFBC}") = "MyLiveStock.Service", "MyLiveStock.Service\MyLiveStock.Service.csproj", "{D1885B34-F522-41D1-9757-642AD8146C9F}"
EndProject
Project("{FAE04EC0-301F-11D3-BF4B-00C04F79EFBC}") = "MyliveStock.core", "MyliveStock.core\MyliveStock.core.csproj", "{487AB422-558D-402F-8788-87967BA38BAD}"
EndProject
Global
	GlobalSection(SolutionConfigurationPlatforms) = preSolution
		Debug|Any CPU = Debug|Any CPU
		Release|Any CPU = Release|Any CPU
	EndGlobalSection
	GlobalSection(ProjectConfigurationPlatforms) = postSolution
		{3A58A107-1977-4257-A91D-EB6FAD43C1F1}.Debug|Any CPU.ActiveCfg = Debug|Any CPU
		{3A58A107-1977-4257-A91D-EB6FAD43C1F1}.Debug|Any CPU.Build.0 = Debug|Any CPU
		{3A58A107-1977-4257-A91D-EB6FAD43C1F1}.Release|Any CPU.ActiveCfg = Release|Any CPU
		{3A58A107-1977-4257-A91D-EB6FAD43C1F1}.Release|Any CPU.Build.0 = Release|Any CPU
		{3562C2C6-718C-42BD-9C49-E6D8934C74EF}.Debug|Any CPU.ActiveCfg = Debug|Any CPU
		{3562C2C6-718C-42BD-9C49-E6D8934C74EF}.Debug|Any CPU.Build.0 = Debug|Any CPU
		{3562C2C6-718C-42BD-9C49-E6D8934C74EF}.Release|Any CPU.ActiveCfg = Release|Any CPU
		{3562C2C6-718C-42BD-9C49-E6D8934C74EF}.Release|Any CPU.Build.0 = Release|Any CPU
		{3D27DF6F-FB6A-42FE-844D-F9FDBE9818CE}.Debug|Any CPU.ActiveCfg = Debug|Any CPU
		{3D27DF6F-FB6A-42FE-844D-F9FDBE9818CE}.Debug|Any CPU.Build.0 = Debug|Any CPU
		{3D27DF6F-FB6A-42FE-844D-F9FDBE9818CE}.Release|Any CPU.ActiveCfg = Release|Any CPU
		{3D27DF6F-FB6A-42FE-844D-F9FDBE9818CE}.Release|Any CPU.Build.0 = Release|Any CPU
		{1C533AEB-63B4-44A5-A28C-8E18123C0F88}.Debug|Any CPU.ActiveCfg = Debug|Any CPU
		{1C533AEB-63B4-44A5-A28C-8E18123C0F88}.Debug|Any CPU.Build.0 = Debug|Any CPU
		{1C533AEB-63B4-44A5-A28C-8E18123C0F88}.Release|Any CPU.ActiveCfg = Release|Any CPU
		{1C533AEB-63B4-44A5-A28C-8E18123C0F88}.Release|Any CPU.Build.0 = Release|Any CPU
		{D1885B34-F522-41D1-9757-642AD8146C9F}.Debug|Any CPU.ActiveCfg = Debug|Any CPU
		{D1885B34-F522-41D1-9757-642AD8146C9F}.Debug|Any CPU.Build.0 = Debug|Any CPU
		{D1885B34-F522-41D1-9757-642AD8146C9F}.Release|Any CPU.ActiveCfg = Release|Any CPU
		{D1885B34-F522-41D1-9757-642AD8146C9F}.Release|Any CPU.Build.0 = Release|Any CPU
		{487AB422-558D-402F-8788-87967BA38BAD}.Debug|Any CPU.ActiveCfg = Debug|Any CPU
		{487AB422-558D-402F-8788-87967BA38BAD}.Debug|Any CPU.Build.0 = Debug|Any CPU
		{487AB422-558D-402F-8788-87967BA38BAD}.Release|Any CPU.ActiveCfg = Release|Any CPU
		{487AB422-558D-402F-8788-87967BA38BAD}.Release|Any CPU.Build.0 = Release|Any CPU
	EndGlobalSection
	GlobalSection(SolutionProperties) = preSolution
		HideSolutionNode = FALSE
	EndGlobalSection
	GlobalSection(NestedProjects) = preSolution
		{3562C2C6-718C-42BD-9C49-E6D8934C74EF} = {7F2CF5AB-28AF-4AA6-88A5-1F14CE0CF221}
		{3D27DF6F-FB6A-42FE-844D-F9FDBE9818CE} = {18185C5A-3E33-4D1D-9A57-A740A25AC575}
		{1C533AEB-63B4-44A5-A28C-8E18123C0F88} = {06190A6F-6CDF-4F1C-AA3B-125E3476E644}
		{D1885B34-F522-41D1-9757-642AD8146C9F} = {4E790947-67D2-4F3B-988F-D31B41F21A3C}
		{487AB422-558D-402F-8788-87967BA38BAD} = {7F2CF5AB-28AF-4AA6-88A5-1F14CE0CF221}
	EndGlobalSection
EndGlobal
